
Microsoft Visual Studio Solution File, Format Version 12.00
# Visual Studio 2013
VisualStudioVersion = 12.0.30723.0
MinimumVisualStudioVersion = 10.0.40219.1
Project("{FAE04EC0-301F-11D3-BF4B-00C04F79EFBC}") = "TobaccoTray", "TobaccoTray\TobaccoTray.csproj", "{077B5BA9-942F-4DC2-B93D-29C2B5D953A5}"
	ProjectSection(ProjectDependencies) = postProject
		{AD15B399-F423-40EB-91CC-5D02946630BC} = {AD15B399-F423-40EB-91CC-5D02946630BC}
	EndProjectSection
EndProject
Project("{FAE04EC0-301F-11D3-BF4B-00C04F79EFBC}") = "ExamplePlugin", "ExamplePlugin\ExamplePlugin.csproj", "{AD15B399-F423-40EB-91CC-5D02946630BC}"
EndProject
Project("{FAE04EC0-301F-11D3-BF4B-00C04F79EFBC}") = "TobaccoTray.Contracts", "TobaccoTray.Contracts\TobaccoTray.Contracts.csproj", "{C5B10CEA-9468-4132-987A-56272A8C44A7}"
EndProject
Global
	GlobalSection(SolutionConfigurationPlatforms) = preSolution
		Debug|Any CPU = Debug|Any CPU
		Release|Any CPU = Release|Any CPU
	EndGlobalSection
	GlobalSection(ProjectConfigurationPlatforms) = postSolution
		{077B5BA9-942F-4DC2-B93D-29C2B5D953A5}.Debug|Any CPU.ActiveCfg = Debug|Any CPU
		{077B5BA9-942F-4DC2-B93D-29C2B5D953A5}.Debug|Any CPU.Build.0 = Debug|Any CPU
		{077B5BA9-942F-4DC2-B93D-29C2B5D953A5}.Release|Any CPU.ActiveCfg = Release|Any CPU
		{077B5BA9-942F-4DC2-B93D-29C2B5D953A5}.Release|Any CPU.Build.0 = Release|Any CPU
		{AD15B399-F423-40EB-91CC-5D02946630BC}.Debug|Any CPU.ActiveCfg = Debug|Any CPU
		{AD15B399-F423-40EB-91CC-5D02946630BC}.Debug|Any CPU.Build.0 = Debug|Any CPU
		{AD15B399-F423-40EB-91CC-5D02946630BC}.Debug|Any CPU.Deploy.0 = Debug|Any CPU
		{AD15B399-F423-40EB-91CC-5D02946630BC}.Release|Any CPU.ActiveCfg = Release|Any CPU
		{AD15B399-F423-40EB-91CC-5D02946630BC}.Release|Any CPU.Build.0 = Release|Any CPU
		{C5B10CEA-9468-4132-987A-56272A8C44A7}.Debug|Any CPU.ActiveCfg = Debug|Any CPU
		{C5B10CEA-9468-4132-987A-56272A8C44A7}.Debug|Any CPU.Build.0 = Debug|Any CPU
		{C5B10CEA-9468-4132-987A-56272A8C44A7}.Release|Any CPU.ActiveCfg = Release|Any CPU
		{C5B10CEA-9468-4132-987A-56272A8C44A7}.Release|Any CPU.Build.0 = Release|Any CPU
	EndGlobalSection
	GlobalSection(SolutionProperties) = preSolution
		HideSolutionNode = FALSE
	EndGlobalSection
EndGlobal
